// !$*UTF8*$!
{
	archiveVersion = 1;
	classes = {
	};
	objectVersion = 50;
	objects = {

/* Begin PBXBuildFile section */
		B3BE8F6724AFB7D10086744F /* AppDelegate.swift in Sources */ = {isa = PBXBuildFile; fileRef = B3BE8F6624AFB7D10086744F /* AppDelegate.swift */; };
		B3BE8F6924AFB7D10086744F /* SceneDelegate.swift in Sources */ = {isa = PBXBuildFile; fileRef = B3BE8F6824AFB7D10086744F /* SceneDelegate.swift */; };
		B3BE8F6B24AFB7D10086744F /* ViewController.swift in Sources */ = {isa = PBXBuildFile; fileRef = B3BE8F6A24AFB7D10086744F /* ViewController.swift */; };
		B3BE8F6E24AFB7D10086744F /* Main.storyboard in Resources */ = {isa = PBXBuildFile; fileRef = B3BE8F6C24AFB7D10086744F /* Main.storyboard */; };
		B3BE8F7024AFB7D30086744F /* Assets.xcassets in Resources */ = {isa = PBXBuildFile; fileRef = B3BE8F6F24AFB7D30086744F /* Assets.xcassets */; };
		B3BE8F7324AFB7D30086744F /* LaunchScreen.storyboard in Resources */ = {isa = PBXBuildFile; fileRef = B3BE8F7124AFB7D30086744F /* LaunchScreen.storyboard */; };
/* End PBXBuildFile section */

/* Begin PBXFileReference section */
		B3BE8F6324AFB7D00086744F /* Project6.5ShoppingList.app */ = {isa = PBXFileReference; explicitFileType = wrapper.application; includeInIndex = 0; path = Project6.5ShoppingList.app; sourceTree = BUILT_PRODUCTS_DIR; };
		B3BE8F6624AFB7D10086744F /* AppDelegate.swift */ = {isa = PBXFileReference; lastKnownFileType = sourcecode.swift; path = AppDelegate.swift; sourceTree = "<group>"; };
		B3BE8F6824AFB7D10086744F /* SceneDelegate.swift */ = {isa = PBXFileReference; lastKnownFileType = sourcecode.swift; path = SceneDelegate.swift; sourceTree = "<group>"; };
		B3BE8F6A24AFB7D10086744F /* ViewController.swift */ = {isa = PBXFileReference; lastKnownFileType = sourcecode.swift; path = ViewController.swift; sourceTree = "<group>"; };
		B3BE8F6D24AFB7D10086744F /* Base */ = {isa = PBXFileReference; lastKnownFileType = file.storyboard; name = Base; path = Base.lproj/Main.storyboard; sourceTree = "<group>"; };
		B3BE8F6F24AFB7D30086744F /* Assets.xcassets */ = {isa = PBXFileReference; lastKnownFileType = folder.assetcatalog; path = Assets.xcassets; sourceTree = "<group>"; };
		B3BE8F7224AFB7D30086744F /* Base */ = {isa = PBXFileReference; lastKnownFileType = file.storyboard; name = Base; path = Base.lproj/LaunchScreen.storyboard; sourceTree = "<group>"; };
		B3BE8F7424AFB7D30086744F /* Info.plist */ = {isa = PBXFileReference; lastKnownFileType = text.plist.xml; path = Info.plist; sourceTree = "<group>"; };
/* End PBXFileReference section */

/* Begin PBXFrameworksBuildPhase section */
		B3BE8F6024AFB7D00086744F /* Frameworks */ = {
			isa = PBXFrameworksBuildPhase;
			buildActionMask = 2147483647;
			files = (
			);
			runOnlyForDeploymentPostprocessing = 0;
		};
/* End PBXFrameworksBuildPhase section */

/* Begin PBXGroup section */
		B3BE8F5A24AFB7D00086744F = {
			isa = PBXGroup;
			children = (
				B3BE8F6524AFB7D00086744F /* Project6.5ShoppingList */,
				B3BE8F6424AFB7D00086744F /* Products */,
			);
			sourceTree = "<group>";
		};
		B3BE8F6424AFB7D00086744F /* Products */ = {
			isa = PBXGroup;
			children = (
				B3BE8F6324AFB7D00086744F /* Project6.5ShoppingList.app */,
			);
			name = Products;
			sourceTree = "<group>";
		};
		B3BE8F6524AFB7D00086744F /* Project6.5ShoppingList */ = {
			isa = PBXGroup;
			children = (
				B3BE8F6624AFB7D10086744F /* AppDelegate.swift */,
				B3BE8F6824AFB7D10086744F /* SceneDelegate.swift */,
				B3BE8F6A24AFB7D10086744F /* ViewController.swift */,
				B3BE8F6C24AFB7D10086744F /* Main.storyboard */,
				B3BE8F6F24AFB7D30086744F /* Assets.xcassets */,
				B3BE8F7124AFB7D30086744F /* LaunchScreen.storyboard */,
				B3BE8F7424AFB7D30086744F /* Info.plist */,
			);
			path = Project6.5ShoppingList;
			sourceTree = "<group>";
		};
/* End PBXGroup section */

/* Begin PBXNativeTarget section */
		B3BE8F6224AFB7D00086744F /* Project6.5ShoppingList */ = {
			isa = PBXNativeTarget;
			buildConfigurationList = B3BE8F7724AFB7D30086744F /* Build configuration list for PBXNativeTarget "Project6.5ShoppingList" */;
			buildPhases = (
				B3BE8F5F24AFB7D00086744F /* Sources */,
				B3BE8F6024AFB7D00086744F /* Frameworks */,
				B3BE8F6124AFB7D00086744F /* Resources */,
			);
			buildRules = (
			);
			dependencies = (
			);
			name = Project6.5ShoppingList;
			productName = Project6.5ShoppingList;
			productReference = B3BE8F6324AFB7D00086744F /* Project6.5ShoppingList.app */;
			productType = "com.apple.product-type.application";
		};
/* End PBXNativeTarget section */

/* Begin PBXProject section */
		B3BE8F5B24AFB7D00086744F /* Project object */ = {
			isa = PBXProject;
			attributes = {
				LastSwiftUpdateCheck = 1150;
				LastUpgradeCheck = 1150;
				ORGANIZATIONNAME = "Connor Lee";
				TargetAttributes = {
					B3BE8F6224AFB7D00086744F = {
						CreatedOnToolsVersion = 11.5;
					};
				};
			};
			buildConfigurationList = B3BE8F5E24AFB7D00086744F /* Build configuration list for PBXProject "Project6.5ShoppingList" */;
			compatibilityVersion = "Xcode 9.3";
			developmentRegion = en;
			hasScannedForEncodings = 0;
			knownRegions = (
				en,
				Base,
			);
			mainGroup = B3BE8F5A24AFB7D00086744F;
			productRefGroup = B3BE8F6424AFB7D00086744F /* Products */;
			projectDirPath = "";
			projectRoot = "";
			targets = (
				B3BE8F6224AFB7D00086744F /* Project6.5ShoppingList */,
			);
		};
/* End PBXProject section */

/* Begin PBXResourcesBuildPhase section */
		B3BE8F6124AFB7D00086744F /* Resources */ = {
			isa = PBXResourcesBuildPhase;
			buildActionMask = 2147483647;
			files = (
				B3BE8F7324AFB7D30086744F /* LaunchScreen.storyboard in Resources */,
				B3BE8F7024AFB7D30086744F /* Assets.xcassets in Resources */,
				B3BE8F6E24AFB7D10086744F /* Main.storyboard in Resources */,
			);
			runOnlyForDeploymentPostprocessing = 0;
		};
/* End PBXResourcesBuildPhase section */

/* Begin PBXSourcesBuildPhase section */
		B3BE8F5F24AFB7D00086744F /* Sources */ = {
			isa = PBXSourcesBuildPhase;
			buildActionMask = 2147483647;
			files = (
				B3BE8F6B24AFB7D10086744F /* ViewController.swift in Sources */,
				B3BE8F6724AFB7D10086744F /* AppDelegate.swift in Sources */,
				B3BE8F6924AFB7D10086744F /* SceneDelegate.swift in Sources */,
			);
			runOnlyForDeploymentPostprocessing = 0;
		};
/* End PBXSourcesBuildPhase section */

/* Begin PBXVariantGroup section */
		B3BE8F6C24AFB7D10086744F /* Main.storyboard */ = {
			isa = PBXVariantGroup;
			children = (
				B3BE8F6D24AFB7D10086744F /* Base */,
			);
			name = Main.storyboard;
			sourceTree = "<group>";
		};
		B3BE8F7124AFB7D30086744F /* LaunchScreen.storyboard */ = {
			isa = PBXVariantGroup;
			children = (
				B3BE8F7224AFB7D30086744F /* Base */,
			);
			name = LaunchScreen.storyboard;
			sourceTree = "<group>";
		};
/* End PBXVariantGroup section */

/* Begin XCBuildConfiguration section */
		B3BE8F7524AFB7D30086744F /* Debug */ = {
			isa = XCBuildConfiguration;
			buildSettings = {
				ALWAYS_SEARCH_USER_PATHS = NO;
				CLANG_ANALYZER_NONNULL = YES;
				CLANG_ANALYZER_NUMBER_OBJECT_CONVERSION = YES_AGGRESSIVE;
				CLANG_CXX_LANGUAGE_STANDARD = "gnu++14";
				CLANG_CXX_LIBRARY = "libc++";
				CLANG_ENABLE_MODULES = YES;
				CLANG_ENABLE_OBJC_ARC = YES;
				CLANG_ENABLE_OBJC_WEAK = YES;
				CLANG_WARN_BLOCK_CAPTURE_AUTORELEASING = YES;
				CLANG_WARN_BOOL_CONVERSION = YES;
				CLANG_WARN_COMMA = YES;
				CLANG_WARN_CONSTANT_CONVERSION = YES;
				CLANG_WARN_DEPRECATED_OBJC_IMPLEMENTATIONS = YES;
				CLANG_WARN_DIRECT_OBJC_ISA_USAGE = YES_ERROR;
				CLANG_WARN_DOCUMENTATION_COMMENTS = YES;
				CLANG_WARN_EMPTY_BODY = YES;
				CLANG_WARN_ENUM_CONVERSION = YES;
				CLANG_WARN_INFINITE_RECURSION = YES;
				CLANG_WARN_INT_CONVERSION = YES;
				CLANG_WARN_NON_LITERAL_NULL_CONVERSION = YES;
				CLANG_WARN_OBJC_IMPLICIT_RETAIN_SELF = YES;
				CLANG_WARN_OBJC_LITERAL_CONVERSION = YES;
				CLANG_WARN_OBJC_ROOT_CLASS = YES_ERROR;
				CLANG_WARN_RANGE_LOOP_ANALYSIS = YES;
				CLANG_WARN_STRICT_PROTOTYPES = YES;
				CLANG_WARN_SUSPICIOUS_MOVE = YES;
				CLANG_WARN_UNGUARDED_AVAILABILITY = YES_AGGRESSIVE;
				CLANG_WARN_UNREACHABLE_CODE = YES;
				CLANG_WARN__DUPLICATE_METHOD_MATCH = YES;
				COPY_PHASE_STRIP = NO;
				DEBUG_INFORMATION_FORMAT = dwarf;
				ENABLE_STRICT_OBJC_MSGSEND = YES;
				ENABLE_TESTABILITY = YES;
				GCC_C_LANGUAGE_STANDARD = gnu11;
				GCC_DYNAMIC_NO_PIC = NO;
				GCC_NO_COMMON_BLOCKS = YES;
				GCC_OPTIMIZATION_LEVEL = 0;
				GCC_PREPROCESSOR_DEFINITIONS = (
					"DEBUG=1",
					"$(inherited)",
				);
				GCC_WARN_64_TO_32_BIT_CONVERSION = YES;
				GCC_WARN_ABOUT_RETURN_TYPE = YES_ERROR;
				GCC_WARN_UNDECLARED_SELECTOR = YES;
				GCC_WARN_UNINITIALIZED_AUTOS = YES_AGGRESSIVE;
				GCC_WARN_UNUSED_FUNCTION = YES;
				GCC_WARN_UNUSED_VARIABLE = YES;
				IPHONEOS_DEPLOYMENT_TARGET = 13.5;
				MTL_ENABLE_DEBUG_INFO = INCLUDE_SOURCE;
				MTL_FAST_MATH = YES;
				ONLY_ACTIVE_ARCH = YES;
				SDKROOT = iphoneos;
				SWIFT_ACTIVE_COMPILATION_CONDITIONS = DEBUG;
				SWIFT_OPTIMIZATION_LEVEL = "-Onone";
			};
			name = Debug;
		};
		B3BE8F7624AFB7D30086744F /* Release */ = {
			isa = XCBuildConfiguration;
			buildSettings = {
				ALWAYS_SEARCH_USER_PATHS = NO;
				CLANG_ANALYZER_NONNULL = YES;
				CLANG_ANALYZER_NUMBER_OBJECT_CONVERSION = YES_AGGRESSIVE;
				CLANG_CXX_LANGUAGE_STANDARD = "gnu++14";
				CLANG_CXX_LIBRARY = "libc++";
				CLANG_ENABLE_MODULES = YES;
				CLANG_ENABLE_OBJC_ARC = YES;
				CLANG_ENABLE_OBJC_WEAK = YES;
				CLANG_WARN_BLOCK_CAPTURE_AUTORELEASING = YES;
				CLANG_WARN_BOOL_CONVERSION = YES;
				CLANG_WARN_COMMA = YES;
				CLANG_WARN_CONSTANT_CONVERSION = YES;
				CLANG_WARN_DEPRECATED_OBJC_IMPLEMENTATIONS = YES;
				CLANG_WARN_DIRECT_OBJC_ISA_USAGE = YES_ERROR;
				CLANG_WARN_DOCUMENTATION_COMMENTS = YES;
				CLANG_WARN_EMPTY_BODY = YES;
				CLANG_WARN_ENUM_CONVERSION = YES;
				CLANG_WARN_INFINITE_RECURSION = YES;
				CLANG_WARN_INT_CONVERSION = YES;
				CLANG_WARN_NON_LITERAL_NULL_CONVERSION = YES;
				CLANG_WARN_OBJC_IMPLICIT_RETAIN_SELF = YES;
				CLANG_WARN_OBJC_LITERAL_CONVERSION = YES;
				CLANG_WARN_OBJC_ROOT_CLASS = YES_ERROR;
				CLANG_WARN_RANGE_LOOP_ANALYSIS = YES;
				CLANG_WARN_STRICT_PROTOTYPES = YES;
				CLANG_WARN_SUSPICIOUS_MOVE = YES;
				CLANG_WARN_UNGUARDED_AVAILABILITY = YES_AGGRESSIVE;
				CLANG_WARN_UNREACHABLE_CODE = YES;
				CLANG_WARN__DUPLICATE_METHOD_MATCH = YES;
				COPY_PHASE_STRIP = NO;
				DEBUG_INFORMATION_FORMAT = "dwarf-with-dsym";
				ENABLE_NS_ASSERTIONS = NO;
				ENABLE_STRICT_OBJC_MSGSEND = YES;
				GCC_C_LANGUAGE_STANDARD = gnu11;
				GCC_NO_COMMON_BLOCKS = YES;
				GCC_WARN_64_TO_32_BIT_CONVERSION = YES;
				GCC_WARN_ABOUT_RETURN_TYPE = YES_ERROR;
				GCC_WARN_UNDECLARED_SELECTOR = YES;
				GCC_WARN_UNINITIALIZED_AUTOS = YES_AGGRESSIVE;
				GCC_WARN_UNUSED_FUNCTION = YES;
				GCC_WARN_UNUSED_VARIABLE = YES;
				IPHONEOS_DEPLOYMENT_TARGET = 13.5;
				MTL_ENABLE_DEBUG_INFO = NO;
				MTL_FAST_MATH = YES;
				SDKROOT = iphoneos;
				SWIFT_COMPILATION_MODE = wholemodule;
				SWIFT_OPTIMIZATION_LEVEL = "-O";
				VALIDATE_PRODUCT = YES;
			};
			name = Release;
		};
		B3BE8F7824AFB7D30086744F /* Debug */ = {
			isa = XCBuildConfiguration;
			buildSettings = {
				ASSETCATALOG_COMPILER_APPICON_NAME = AppIcon;
				CODE_SIGN_STYLE = Automatic;
				INFOPLIST_FILE = Project6.5ShoppingList/Info.plist;
				LD_RUNPATH_SEARCH_PATHS = (
					"$(inherited)",
					"@executable_path/Frameworks",
				);
				PRODUCT_BUNDLE_IDENTIFIER = "com.lee.Project6-5ShoppingList";
				PRODUCT_NAME = "$(TARGET_NAME)";
				SWIFT_VERSION = 5.0;
				TARGETED_DEVICE_FAMILY = "1,2";
			};
			name = Debug;
		};
		B3BE8F7924AFB7D30086744F /* Release */ = {
			isa = XCBuildConfiguration;
			buildSettings = {
				ASSETCATALOG_COMPILER_APPICON_NAME = AppIcon;
				CODE_SIGN_STYLE = Automatic;
				INFOPLIST_FILE = Project6.5ShoppingList/Info.plist;
				LD_RUNPATH_SEARCH_PATHS = (
					"$(inherited)",
					"@executable_path/Frameworks",
				);
				PRODUCT_BUNDLE_IDENTIFIER = "com.lee.Project6-5ShoppingList";
				PRODUCT_NAME = "$(TARGET_NAME)";
				SWIFT_VERSION = 5.0;
				TARGETED_DEVICE_FAMILY = "1,2";
			};
			name = Release;
		};
/* End XCBuildConfiguration section */

/* Begin XCConfigurationList section */
		B3BE8F5E24AFB7D00086744F /* Build configuration list for PBXProject "Project6.5ShoppingList" */ = {
			isa = XCConfigurationList;
			buildConfigurations = (
				B3BE8F7524AFB7D30086744F /* Debug */,
				B3BE8F7624AFB7D30086744F /* Release */,
			);
			defaultConfigurationIsVisible = 0;
			defaultConfigurationName = Release;
		};
		B3BE8F7724AFB7D30086744F /* Build configuration list for PBXNativeTarget "Project6.5ShoppingList" */ = {
			isa = XCConfigurationList;
			buildConfigurations = (
				B3BE8F7824AFB7D30086744F /* Debug */,
				B3BE8F7924AFB7D30086744F /* Release */,
			);
			defaultConfigurationIsVisible = 0;
			defaultConfigurationName = Release;
		};
/* End XCConfigurationList section */
	};
	rootObject = B3BE8F5B24AFB7D00086744F /* Project object */;
}
