// !$*UTF8*$!
{
	archiveVersion = 1;
	classes = {
	};
	objectVersion = 50;
	objects = {

/* Begin PBXBuildFile section */
		B3914BA724C5C0BA0060A69C /* AppDelegate.swift in Sources */ = {isa = PBXBuildFile; fileRef = B3914BA624C5C0BA0060A69C /* AppDelegate.swift */; };
		B3914BA924C5C0BA0060A69C /* SceneDelegate.swift in Sources */ = {isa = PBXBuildFile; fileRef = B3914BA824C5C0BA0060A69C /* SceneDelegate.swift */; };
		B3914BAB24C5C0BA0060A69C /* ViewController.swift in Sources */ = {isa = PBXBuildFile; fileRef = B3914BAA24C5C0BA0060A69C /* ViewController.swift */; };
		B3914BAE24C5C0BA0060A69C /* Main.storyboard in Resources */ = {isa = PBXBuildFile; fileRef = B3914BAC24C5C0BA0060A69C /* Main.storyboard */; };
		B3914BB024C5C0BF0060A69C /* Assets.xcassets in Resources */ = {isa = PBXBuildFile; fileRef = B3914BAF24C5C0BF0060A69C /* Assets.xcassets */; };
		B3914BB324C5C0BF0060A69C /* LaunchScreen.storyboard in Resources */ = {isa = PBXBuildFile; fileRef = B3914BB124C5C0BF0060A69C /* LaunchScreen.storyboard */; };
/* End PBXBuildFile section */

/* Begin PBXFileReference section */
		B3914BA324C5C0BA0060A69C /* Project18Debugging.app */ = {isa = PBXFileReference; explicitFileType = wrapper.application; includeInIndex = 0; path = Project18Debugging.app; sourceTree = BUILT_PRODUCTS_DIR; };
		B3914BA624C5C0BA0060A69C /* AppDelegate.swift */ = {isa = PBXFileReference; lastKnownFileType = sourcecode.swift; path = AppDelegate.swift; sourceTree = "<group>"; };
		B3914BA824C5C0BA0060A69C /* SceneDelegate.swift */ = {isa = PBXFileReference; lastKnownFileType = sourcecode.swift; path = SceneDelegate.swift; sourceTree = "<group>"; };
		B3914BAA24C5C0BA0060A69C /* ViewController.swift */ = {isa = PBXFileReference; lastKnownFileType = sourcecode.swift; path = ViewController.swift; sourceTree = "<group>"; };
		B3914BAD24C5C0BA0060A69C /* Base */ = {isa = PBXFileReference; lastKnownFileType = file.storyboard; name = Base; path = Base.lproj/Main.storyboard; sourceTree = "<group>"; };
		B3914BAF24C5C0BF0060A69C /* Assets.xcassets */ = {isa = PBXFileReference; lastKnownFileType = folder.assetcatalog; path = Assets.xcassets; sourceTree = "<group>"; };
		B3914BB224C5C0BF0060A69C /* Base */ = {isa = PBXFileReference; lastKnownFileType = file.storyboard; name = Base; path = Base.lproj/LaunchScreen.storyboard; sourceTree = "<group>"; };
		B3914BB424C5C0BF0060A69C /* Info.plist */ = {isa = PBXFileReference; lastKnownFileType = text.plist.xml; path = Info.plist; sourceTree = "<group>"; };
/* End PBXFileReference section */

/* Begin PBXFrameworksBuildPhase section */
		B3914BA024C5C0BA0060A69C /* Frameworks */ = {
			isa = PBXFrameworksBuildPhase;
			buildActionMask = 2147483647;
			files = (
			);
			runOnlyForDeploymentPostprocessing = 0;
		};
/* End PBXFrameworksBuildPhase section */

/* Begin PBXGroup section */
		B3914B9A24C5C0BA0060A69C = {
			isa = PBXGroup;
			children = (
				B3914BA524C5C0BA0060A69C /* Project18Debugging */,
				B3914BA424C5C0BA0060A69C /* Products */,
			);
			sourceTree = "<group>";
		};
		B3914BA424C5C0BA0060A69C /* Products */ = {
			isa = PBXGroup;
			children = (
				B3914BA324C5C0BA0060A69C /* Project18Debugging.app */,
			);
			name = Products;
			sourceTree = "<group>";
		};
		B3914BA524C5C0BA0060A69C /* Project18Debugging */ = {
			isa = PBXGroup;
			children = (
				B3914BA624C5C0BA0060A69C /* AppDelegate.swift */,
				B3914BA824C5C0BA0060A69C /* SceneDelegate.swift */,
				B3914BAA24C5C0BA0060A69C /* ViewController.swift */,
				B3914BAC24C5C0BA0060A69C /* Main.storyboard */,
				B3914BAF24C5C0BF0060A69C /* Assets.xcassets */,
				B3914BB124C5C0BF0060A69C /* LaunchScreen.storyboard */,
				B3914BB424C5C0BF0060A69C /* Info.plist */,
			);
			path = Project18Debugging;
			sourceTree = "<group>";
		};
/* End PBXGroup section */

/* Begin PBXNativeTarget section */
		B3914BA224C5C0BA0060A69C /* Project18Debugging */ = {
			isa = PBXNativeTarget;
			buildConfigurationList = B3914BB724C5C0BF0060A69C /* Build configuration list for PBXNativeTarget "Project18Debugging" */;
			buildPhases = (
				B3914B9F24C5C0BA0060A69C /* Sources */,
				B3914BA024C5C0BA0060A69C /* Frameworks */,
				B3914BA124C5C0BA0060A69C /* Resources */,
			);
			buildRules = (
			);
			dependencies = (
			);
			name = Project18Debugging;
			productName = Project18Debugging;
			productReference = B3914BA324C5C0BA0060A69C /* Project18Debugging.app */;
			productType = "com.apple.product-type.application";
		};
/* End PBXNativeTarget section */

/* Begin PBXProject section */
		B3914B9B24C5C0BA0060A69C /* Project object */ = {
			isa = PBXProject;
			attributes = {
				LastSwiftUpdateCheck = 1150;
				LastUpgradeCheck = 1150;
				ORGANIZATIONNAME = "Connor Lee";
				TargetAttributes = {
					B3914BA224C5C0BA0060A69C = {
						CreatedOnToolsVersion = 11.5;
					};
				};
			};
			buildConfigurationList = B3914B9E24C5C0BA0060A69C /* Build configuration list for PBXProject "Project18Debugging" */;
			compatibilityVersion = "Xcode 9.3";
			developmentRegion = en;
			hasScannedForEncodings = 0;
			knownRegions = (
				en,
				Base,
			);
			mainGroup = B3914B9A24C5C0BA0060A69C;
			productRefGroup = B3914BA424C5C0BA0060A69C /* Products */;
			projectDirPath = "";
			projectRoot = "";
			targets = (
				B3914BA224C5C0BA0060A69C /* Project18Debugging */,
			);
		};
/* End PBXProject section */

/* Begin PBXResourcesBuildPhase section */
		B3914BA124C5C0BA0060A69C /* Resources */ = {
			isa = PBXResourcesBuildPhase;
			buildActionMask = 2147483647;
			files = (
				B3914BB324C5C0BF0060A69C /* LaunchScreen.storyboard in Resources */,
				B3914BB024C5C0BF0060A69C /* Assets.xcassets in Resources */,
				B3914BAE24C5C0BA0060A69C /* Main.storyboard in Resources */,
			);
			runOnlyForDeploymentPostprocessing = 0;
		};
/* End PBXResourcesBuildPhase section */

/* Begin PBXSourcesBuildPhase section */
		B3914B9F24C5C0BA0060A69C /* Sources */ = {
			isa = PBXSourcesBuildPhase;
			buildActionMask = 2147483647;
			files = (
				B3914BAB24C5C0BA0060A69C /* ViewController.swift in Sources */,
				B3914BA724C5C0BA0060A69C /* AppDelegate.swift in Sources */,
				B3914BA924C5C0BA0060A69C /* SceneDelegate.swift in Sources */,
			);
			runOnlyForDeploymentPostprocessing = 0;
		};
/* End PBXSourcesBuildPhase section */

/* Begin PBXVariantGroup section */
		B3914BAC24C5C0BA0060A69C /* Main.storyboard */ = {
			isa = PBXVariantGroup;
			children = (
				B3914BAD24C5C0BA0060A69C /* Base */,
			);
			name = Main.storyboard;
			sourceTree = "<group>";
		};
		B3914BB124C5C0BF0060A69C /* LaunchScreen.storyboard */ = {
			isa = PBXVariantGroup;
			children = (
				B3914BB224C5C0BF0060A69C /* Base */,
			);
			name = LaunchScreen.storyboard;
			sourceTree = "<group>";
		};
/* End PBXVariantGroup section */

/* Begin XCBuildConfiguration section */
		B3914BB524C5C0BF0060A69C /* Debug */ = {
			isa = XCBuildConfiguration;
			buildSettings = {
				ALWAYS_SEARCH_USER_PATHS = NO;
				CLANG_ANALYZER_NONNULL = YES;
				CLANG_ANALYZER_NUMBER_OBJECT_CONVERSION = YES_AGGRESSIVE;
				CLANG_CXX_LANGUAGE_STANDARD = "gnu++14";
				CLANG_CXX_LIBRARY = "libc++";
				CLANG_ENABLE_MODULES = YES;
				CLANG_ENABLE_OBJC_ARC = YES;
				CLANG_ENABLE_OBJC_WEAK = YES;
				CLANG_WARN_BLOCK_CAPTURE_AUTORELEASING = YES;
				CLANG_WARN_BOOL_CONVERSION = YES;
				CLANG_WARN_COMMA = YES;
				CLANG_WARN_CONSTANT_CONVERSION = YES;
				CLANG_WARN_DEPRECATED_OBJC_IMPLEMENTATIONS = YES;
				CLANG_WARN_DIRECT_OBJC_ISA_USAGE = YES_ERROR;
				CLANG_WARN_DOCUMENTATION_COMMENTS = YES;
				CLANG_WARN_EMPTY_BODY = YES;
				CLANG_WARN_ENUM_CONVERSION = YES;
				CLANG_WARN_INFINITE_RECURSION = YES;
				CLANG_WARN_INT_CONVERSION = YES;
				CLANG_WARN_NON_LITERAL_NULL_CONVERSION = YES;
				CLANG_WARN_OBJC_IMPLICIT_RETAIN_SELF = YES;
				CLANG_WARN_OBJC_LITERAL_CONVERSION = YES;
				CLANG_WARN_OBJC_ROOT_CLASS = YES_ERROR;
				CLANG_WARN_RANGE_LOOP_ANALYSIS = YES;
				CLANG_WARN_STRICT_PROTOTYPES = YES;
				CLANG_WARN_SUSPICIOUS_MOVE = YES;
				CLANG_WARN_UNGUARDED_AVAILABILITY = YES_AGGRESSIVE;
				CLANG_WARN_UNREACHABLE_CODE = YES;
				CLANG_WARN__DUPLICATE_METHOD_MATCH = YES;
				COPY_PHASE_STRIP = NO;
				DEBUG_INFORMATION_FORMAT = dwarf;
				ENABLE_STRICT_OBJC_MSGSEND = YES;
				ENABLE_TESTABILITY = YES;
				GCC_C_LANGUAGE_STANDARD = gnu11;
				GCC_DYNAMIC_NO_PIC = NO;
				GCC_NO_COMMON_BLOCKS = YES;
				GCC_OPTIMIZATION_LEVEL = 0;
				GCC_PREPROCESSOR_DEFINITIONS = (
					"DEBUG=1",
					"$(inherited)",
				);
				GCC_WARN_64_TO_32_BIT_CONVERSION = YES;
				GCC_WARN_ABOUT_RETURN_TYPE = YES_ERROR;
				GCC_WARN_UNDECLARED_SELECTOR = YES;
				GCC_WARN_UNINITIALIZED_AUTOS = YES_AGGRESSIVE;
				GCC_WARN_UNUSED_FUNCTION = YES;
				GCC_WARN_UNUSED_VARIABLE = YES;
				IPHONEOS_DEPLOYMENT_TARGET = 13.5;
				MTL_ENABLE_DEBUG_INFO = INCLUDE_SOURCE;
				MTL_FAST_MATH = YES;
				ONLY_ACTIVE_ARCH = YES;
				SDKROOT = iphoneos;
				SWIFT_ACTIVE_COMPILATION_CONDITIONS = DEBUG;
				SWIFT_OPTIMIZATION_LEVEL = "-Onone";
			};
			name = Debug;
		};
		B3914BB624C5C0BF0060A69C /* Release */ = {
			isa = XCBuildConfiguration;
			buildSettings = {
				ALWAYS_SEARCH_USER_PATHS = NO;
				CLANG_ANALYZER_NONNULL = YES;
				CLANG_ANALYZER_NUMBER_OBJECT_CONVERSION = YES_AGGRESSIVE;
				CLANG_CXX_LANGUAGE_STANDARD = "gnu++14";
				CLANG_CXX_LIBRARY = "libc++";
				CLANG_ENABLE_MODULES = YES;
				CLANG_ENABLE_OBJC_ARC = YES;
				CLANG_ENABLE_OBJC_WEAK = YES;
				CLANG_WARN_BLOCK_CAPTURE_AUTORELEASING = YES;
				CLANG_WARN_BOOL_CONVERSION = YES;
				CLANG_WARN_COMMA = YES;
				CLANG_WARN_CONSTANT_CONVERSION = YES;
				CLANG_WARN_DEPRECATED_OBJC_IMPLEMENTATIONS = YES;
				CLANG_WARN_DIRECT_OBJC_ISA_USAGE = YES_ERROR;
				CLANG_WARN_DOCUMENTATION_COMMENTS = YES;
				CLANG_WARN_EMPTY_BODY = YES;
				CLANG_WARN_ENUM_CONVERSION = YES;
				CLANG_WARN_INFINITE_RECURSION = YES;
				CLANG_WARN_INT_CONVERSION = YES;
				CLANG_WARN_NON_LITERAL_NULL_CONVERSION = YES;
				CLANG_WARN_OBJC_IMPLICIT_RETAIN_SELF = YES;
				CLANG_WARN_OBJC_LITERAL_CONVERSION = YES;
				CLANG_WARN_OBJC_ROOT_CLASS = YES_ERROR;
				CLANG_WARN_RANGE_LOOP_ANALYSIS = YES;
				CLANG_WARN_STRICT_PROTOTYPES = YES;
				CLANG_WARN_SUSPICIOUS_MOVE = YES;
				CLANG_WARN_UNGUARDED_AVAILABILITY = YES_AGGRESSIVE;
				CLANG_WARN_UNREACHABLE_CODE = YES;
				CLANG_WARN__DUPLICATE_METHOD_MATCH = YES;
				COPY_PHASE_STRIP = NO;
				DEBUG_INFORMATION_FORMAT = "dwarf-with-dsym";
				ENABLE_NS_ASSERTIONS = NO;
				ENABLE_STRICT_OBJC_MSGSEND = YES;
				GCC_C_LANGUAGE_STANDARD = gnu11;
				GCC_NO_COMMON_BLOCKS = YES;
				GCC_WARN_64_TO_32_BIT_CONVERSION = YES;
				GCC_WARN_ABOUT_RETURN_TYPE = YES_ERROR;
				GCC_WARN_UNDECLARED_SELECTOR = YES;
				GCC_WARN_UNINITIALIZED_AUTOS = YES_AGGRESSIVE;
				GCC_WARN_UNUSED_FUNCTION = YES;
				GCC_WARN_UNUSED_VARIABLE = YES;
				IPHONEOS_DEPLOYMENT_TARGET = 13.5;
				MTL_ENABLE_DEBUG_INFO = NO;
				MTL_FAST_MATH = YES;
				SDKROOT = iphoneos;
				SWIFT_COMPILATION_MODE = wholemodule;
				SWIFT_OPTIMIZATION_LEVEL = "-O";
				VALIDATE_PRODUCT = YES;
			};
			name = Release;
		};
		B3914BB824C5C0BF0060A69C /* Debug */ = {
			isa = XCBuildConfiguration;
			buildSettings = {
				ASSETCATALOG_COMPILER_APPICON_NAME = AppIcon;
				CODE_SIGN_STYLE = Automatic;
				INFOPLIST_FILE = Project18Debugging/Info.plist;
				LD_RUNPATH_SEARCH_PATHS = (
					"$(inherited)",
					"@executable_path/Frameworks",
				);
				PRODUCT_BUNDLE_IDENTIFIER = com.lee.Project18Debugging;
				PRODUCT_NAME = "$(TARGET_NAME)";
				SWIFT_VERSION = 5.0;
				TARGETED_DEVICE_FAMILY = "1,2";
			};
			name = Debug;
		};
		B3914BB924C5C0BF0060A69C /* Release */ = {
			isa = XCBuildConfiguration;
			buildSettings = {
				ASSETCATALOG_COMPILER_APPICON_NAME = AppIcon;
				CODE_SIGN_STYLE = Automatic;
				INFOPLIST_FILE = Project18Debugging/Info.plist;
				LD_RUNPATH_SEARCH_PATHS = (
					"$(inherited)",
					"@executable_path/Frameworks",
				);
				PRODUCT_BUNDLE_IDENTIFIER = com.lee.Project18Debugging;
				PRODUCT_NAME = "$(TARGET_NAME)";
				SWIFT_VERSION = 5.0;
				TARGETED_DEVICE_FAMILY = "1,2";
			};
			name = Release;
		};
/* End XCBuildConfiguration section */

/* Begin XCConfigurationList section */
		B3914B9E24C5C0BA0060A69C /* Build configuration list for PBXProject "Project18Debugging" */ = {
			isa = XCConfigurationList;
			buildConfigurations = (
				B3914BB524C5C0BF0060A69C /* Debug */,
				B3914BB624C5C0BF0060A69C /* Release */,
			);
			defaultConfigurationIsVisible = 0;
			defaultConfigurationName = Release;
		};
		B3914BB724C5C0BF0060A69C /* Build configuration list for PBXNativeTarget "Project18Debugging" */ = {
			isa = XCConfigurationList;
			buildConfigurations = (
				B3914BB824C5C0BF0060A69C /* Debug */,
				B3914BB924C5C0BF0060A69C /* Release */,
			);
			defaultConfigurationIsVisible = 0;
			defaultConfigurationName = Release;
		};
/* End XCConfigurationList section */
	};
	rootObject = B3914B9B24C5C0BA0060A69C /* Project object */;
}
