// !$*UTF8*$!
{
	archiveVersion = 1;
	classes = {
	};
	objectVersion = 50;
	objects = {

/* Begin PBXBuildFile section */
		B3520AEF24BE666B00717929 /* AppDelegate.swift in Sources */ = {isa = PBXBuildFile; fileRef = B3520AEE24BE666B00717929 /* AppDelegate.swift */; };
		B3520AF124BE666B00717929 /* SceneDelegate.swift in Sources */ = {isa = PBXBuildFile; fileRef = B3520AF024BE666B00717929 /* SceneDelegate.swift */; };
		B3520AF324BE666B00717929 /* ViewController.swift in Sources */ = {isa = PBXBuildFile; fileRef = B3520AF224BE666B00717929 /* ViewController.swift */; };
		B3520AF624BE666B00717929 /* Main.storyboard in Resources */ = {isa = PBXBuildFile; fileRef = B3520AF424BE666B00717929 /* Main.storyboard */; };
		B3520AF824BE666C00717929 /* Assets.xcassets in Resources */ = {isa = PBXBuildFile; fileRef = B3520AF724BE666C00717929 /* Assets.xcassets */; };
		B3520AFB24BE666C00717929 /* LaunchScreen.storyboard in Resources */ = {isa = PBXBuildFile; fileRef = B3520AF924BE666C00717929 /* LaunchScreen.storyboard */; };
		B3520B0324BE6A2D00717929 /* countries.json in Resources */ = {isa = PBXBuildFile; fileRef = B3520B0224BE6A2D00717929 /* countries.json */; };
		B3520B0524BE6A3E00717929 /* Country.swift in Sources */ = {isa = PBXBuildFile; fileRef = B3520B0424BE6A3E00717929 /* Country.swift */; };
		B3520B0924BE6B1A00717929 /* DetailViewController.swift in Sources */ = {isa = PBXBuildFile; fileRef = B3520B0824BE6B1A00717929 /* DetailViewController.swift */; };
		B3520B0B24BE6CCD00717929 /* Countries.swift in Sources */ = {isa = PBXBuildFile; fileRef = B3520B0A24BE6CCD00717929 /* Countries.swift */; };
/* End PBXBuildFile section */

/* Begin PBXFileReference section */
		B3520AEB24BE666A00717929 /* Project15.5.app */ = {isa = PBXFileReference; explicitFileType = wrapper.application; includeInIndex = 0; path = Project15.5.app; sourceTree = BUILT_PRODUCTS_DIR; };
		B3520AEE24BE666B00717929 /* AppDelegate.swift */ = {isa = PBXFileReference; lastKnownFileType = sourcecode.swift; path = AppDelegate.swift; sourceTree = "<group>"; };
		B3520AF024BE666B00717929 /* SceneDelegate.swift */ = {isa = PBXFileReference; lastKnownFileType = sourcecode.swift; path = SceneDelegate.swift; sourceTree = "<group>"; };
		B3520AF224BE666B00717929 /* ViewController.swift */ = {isa = PBXFileReference; lastKnownFileType = sourcecode.swift; path = ViewController.swift; sourceTree = "<group>"; };
		B3520AF524BE666B00717929 /* Base */ = {isa = PBXFileReference; lastKnownFileType = file.storyboard; name = Base; path = Base.lproj/Main.storyboard; sourceTree = "<group>"; };
		B3520AF724BE666C00717929 /* Assets.xcassets */ = {isa = PBXFileReference; lastKnownFileType = folder.assetcatalog; path = Assets.xcassets; sourceTree = "<group>"; };
		B3520AFA24BE666C00717929 /* Base */ = {isa = PBXFileReference; lastKnownFileType = file.storyboard; name = Base; path = Base.lproj/LaunchScreen.storyboard; sourceTree = "<group>"; };
		B3520AFC24BE666C00717929 /* Info.plist */ = {isa = PBXFileReference; lastKnownFileType = text.plist.xml; path = Info.plist; sourceTree = "<group>"; };
		B3520B0224BE6A2D00717929 /* countries.json */ = {isa = PBXFileReference; fileEncoding = 4; lastKnownFileType = text.json; path = countries.json; sourceTree = "<group>"; };
		B3520B0424BE6A3E00717929 /* Country.swift */ = {isa = PBXFileReference; lastKnownFileType = sourcecode.swift; path = Country.swift; sourceTree = "<group>"; };
		B3520B0824BE6B1A00717929 /* DetailViewController.swift */ = {isa = PBXFileReference; lastKnownFileType = sourcecode.swift; path = DetailViewController.swift; sourceTree = "<group>"; };
		B3520B0A24BE6CCD00717929 /* Countries.swift */ = {isa = PBXFileReference; lastKnownFileType = sourcecode.swift; path = Countries.swift; sourceTree = "<group>"; };
/* End PBXFileReference section */

/* Begin PBXFrameworksBuildPhase section */
		B3520AE824BE666A00717929 /* Frameworks */ = {
			isa = PBXFrameworksBuildPhase;
			buildActionMask = 2147483647;
			files = (
			);
			runOnlyForDeploymentPostprocessing = 0;
		};
/* End PBXFrameworksBuildPhase section */

/* Begin PBXGroup section */
		B3520AE224BE666A00717929 = {
			isa = PBXGroup;
			children = (
				B3520AED24BE666B00717929 /* Project15.5 */,
				B3520AEC24BE666A00717929 /* Products */,
			);
			sourceTree = "<group>";
		};
		B3520AEC24BE666A00717929 /* Products */ = {
			isa = PBXGroup;
			children = (
				B3520AEB24BE666A00717929 /* Project15.5.app */,
			);
			name = Products;
			sourceTree = "<group>";
		};
		B3520AED24BE666B00717929 /* Project15.5 */ = {
			isa = PBXGroup;
			children = (
				B3520AEE24BE666B00717929 /* AppDelegate.swift */,
				B3520AF024BE666B00717929 /* SceneDelegate.swift */,
				B3520AF224BE666B00717929 /* ViewController.swift */,
				B3520AF424BE666B00717929 /* Main.storyboard */,
				B3520B0824BE6B1A00717929 /* DetailViewController.swift */,
				B3520AF724BE666C00717929 /* Assets.xcassets */,
				B3520B0424BE6A3E00717929 /* Country.swift */,
				B3520B0A24BE6CCD00717929 /* Countries.swift */,
				B3520AF924BE666C00717929 /* LaunchScreen.storyboard */,
				B3520AFC24BE666C00717929 /* Info.plist */,
				B3520B0224BE6A2D00717929 /* countries.json */,
			);
			path = Project15.5;
			sourceTree = "<group>";
		};
/* End PBXGroup section */

/* Begin PBXNativeTarget section */
		B3520AEA24BE666A00717929 /* Project15.5 */ = {
			isa = PBXNativeTarget;
			buildConfigurationList = B3520AFF24BE666C00717929 /* Build configuration list for PBXNativeTarget "Project15.5" */;
			buildPhases = (
				B3520AE724BE666A00717929 /* Sources */,
				B3520AE824BE666A00717929 /* Frameworks */,
				B3520AE924BE666A00717929 /* Resources */,
			);
			buildRules = (
			);
			dependencies = (
			);
			name = Project15.5;
			productName = Project15.5;
			productReference = B3520AEB24BE666A00717929 /* Project15.5.app */;
			productType = "com.apple.product-type.application";
		};
/* End PBXNativeTarget section */

/* Begin PBXProject section */
		B3520AE324BE666A00717929 /* Project object */ = {
			isa = PBXProject;
			attributes = {
				LastSwiftUpdateCheck = 1150;
				LastUpgradeCheck = 1150;
				ORGANIZATIONNAME = "Connor Lee";
				TargetAttributes = {
					B3520AEA24BE666A00717929 = {
						CreatedOnToolsVersion = 11.5;
					};
				};
			};
			buildConfigurationList = B3520AE624BE666A00717929 /* Build configuration list for PBXProject "Project15.5" */;
			compatibilityVersion = "Xcode 9.3";
			developmentRegion = en;
			hasScannedForEncodings = 0;
			knownRegions = (
				en,
				Base,
			);
			mainGroup = B3520AE224BE666A00717929;
			productRefGroup = B3520AEC24BE666A00717929 /* Products */;
			projectDirPath = "";
			projectRoot = "";
			targets = (
				B3520AEA24BE666A00717929 /* Project15.5 */,
			);
		};
/* End PBXProject section */

/* Begin PBXResourcesBuildPhase section */
		B3520AE924BE666A00717929 /* Resources */ = {
			isa = PBXResourcesBuildPhase;
			buildActionMask = 2147483647;
			files = (
				B3520AFB24BE666C00717929 /* LaunchScreen.storyboard in Resources */,
				B3520AF824BE666C00717929 /* Assets.xcassets in Resources */,
				B3520B0324BE6A2D00717929 /* countries.json in Resources */,
				B3520AF624BE666B00717929 /* Main.storyboard in Resources */,
			);
			runOnlyForDeploymentPostprocessing = 0;
		};
/* End PBXResourcesBuildPhase section */

/* Begin PBXSourcesBuildPhase section */
		B3520AE724BE666A00717929 /* Sources */ = {
			isa = PBXSourcesBuildPhase;
			buildActionMask = 2147483647;
			files = (
				B3520B0524BE6A3E00717929 /* Country.swift in Sources */,
				B3520AF324BE666B00717929 /* ViewController.swift in Sources */,
				B3520B0924BE6B1A00717929 /* DetailViewController.swift in Sources */,
				B3520AEF24BE666B00717929 /* AppDelegate.swift in Sources */,
				B3520B0B24BE6CCD00717929 /* Countries.swift in Sources */,
				B3520AF124BE666B00717929 /* SceneDelegate.swift in Sources */,
			);
			runOnlyForDeploymentPostprocessing = 0;
		};
/* End PBXSourcesBuildPhase section */

/* Begin PBXVariantGroup section */
		B3520AF424BE666B00717929 /* Main.storyboard */ = {
			isa = PBXVariantGroup;
			children = (
				B3520AF524BE666B00717929 /* Base */,
			);
			name = Main.storyboard;
			sourceTree = "<group>";
		};
		B3520AF924BE666C00717929 /* LaunchScreen.storyboard */ = {
			isa = PBXVariantGroup;
			children = (
				B3520AFA24BE666C00717929 /* Base */,
			);
			name = LaunchScreen.storyboard;
			sourceTree = "<group>";
		};
/* End PBXVariantGroup section */

/* Begin XCBuildConfiguration section */
		B3520AFD24BE666C00717929 /* Debug */ = {
			isa = XCBuildConfiguration;
			buildSettings = {
				ALWAYS_SEARCH_USER_PATHS = NO;
				CLANG_ANALYZER_NONNULL = YES;
				CLANG_ANALYZER_NUMBER_OBJECT_CONVERSION = YES_AGGRESSIVE;
				CLANG_CXX_LANGUAGE_STANDARD = "gnu++14";
				CLANG_CXX_LIBRARY = "libc++";
				CLANG_ENABLE_MODULES = YES;
				CLANG_ENABLE_OBJC_ARC = YES;
				CLANG_ENABLE_OBJC_WEAK = YES;
				CLANG_WARN_BLOCK_CAPTURE_AUTORELEASING = YES;
				CLANG_WARN_BOOL_CONVERSION = YES;
				CLANG_WARN_COMMA = YES;
				CLANG_WARN_CONSTANT_CONVERSION = YES;
				CLANG_WARN_DEPRECATED_OBJC_IMPLEMENTATIONS = YES;
				CLANG_WARN_DIRECT_OBJC_ISA_USAGE = YES_ERROR;
				CLANG_WARN_DOCUMENTATION_COMMENTS = YES;
				CLANG_WARN_EMPTY_BODY = YES;
				CLANG_WARN_ENUM_CONVERSION = YES;
				CLANG_WARN_INFINITE_RECURSION = YES;
				CLANG_WARN_INT_CONVERSION = YES;
				CLANG_WARN_NON_LITERAL_NULL_CONVERSION = YES;
				CLANG_WARN_OBJC_IMPLICIT_RETAIN_SELF = YES;
				CLANG_WARN_OBJC_LITERAL_CONVERSION = YES;
				CLANG_WARN_OBJC_ROOT_CLASS = YES_ERROR;
				CLANG_WARN_RANGE_LOOP_ANALYSIS = YES;
				CLANG_WARN_STRICT_PROTOTYPES = YES;
				CLANG_WARN_SUSPICIOUS_MOVE = YES;
				CLANG_WARN_UNGUARDED_AVAILABILITY = YES_AGGRESSIVE;
				CLANG_WARN_UNREACHABLE_CODE = YES;
				CLANG_WARN__DUPLICATE_METHOD_MATCH = YES;
				COPY_PHASE_STRIP = NO;
				DEBUG_INFORMATION_FORMAT = dwarf;
				ENABLE_STRICT_OBJC_MSGSEND = YES;
				ENABLE_TESTABILITY = YES;
				GCC_C_LANGUAGE_STANDARD = gnu11;
				GCC_DYNAMIC_NO_PIC = NO;
				GCC_NO_COMMON_BLOCKS = YES;
				GCC_OPTIMIZATION_LEVEL = 0;
				GCC_PREPROCESSOR_DEFINITIONS = (
					"DEBUG=1",
					"$(inherited)",
				);
				GCC_WARN_64_TO_32_BIT_CONVERSION = YES;
				GCC_WARN_ABOUT_RETURN_TYPE = YES_ERROR;
				GCC_WARN_UNDECLARED_SELECTOR = YES;
				GCC_WARN_UNINITIALIZED_AUTOS = YES_AGGRESSIVE;
				GCC_WARN_UNUSED_FUNCTION = YES;
				GCC_WARN_UNUSED_VARIABLE = YES;
				IPHONEOS_DEPLOYMENT_TARGET = 13.5;
				MTL_ENABLE_DEBUG_INFO = INCLUDE_SOURCE;
				MTL_FAST_MATH = YES;
				ONLY_ACTIVE_ARCH = YES;
				SDKROOT = iphoneos;
				SWIFT_ACTIVE_COMPILATION_CONDITIONS = DEBUG;
				SWIFT_OPTIMIZATION_LEVEL = "-Onone";
			};
			name = Debug;
		};
		B3520AFE24BE666C00717929 /* Release */ = {
			isa = XCBuildConfiguration;
			buildSettings = {
				ALWAYS_SEARCH_USER_PATHS = NO;
				CLANG_ANALYZER_NONNULL = YES;
				CLANG_ANALYZER_NUMBER_OBJECT_CONVERSION = YES_AGGRESSIVE;
				CLANG_CXX_LANGUAGE_STANDARD = "gnu++14";
				CLANG_CXX_LIBRARY = "libc++";
				CLANG_ENABLE_MODULES = YES;
				CLANG_ENABLE_OBJC_ARC = YES;
				CLANG_ENABLE_OBJC_WEAK = YES;
				CLANG_WARN_BLOCK_CAPTURE_AUTORELEASING = YES;
				CLANG_WARN_BOOL_CONVERSION = YES;
				CLANG_WARN_COMMA = YES;
				CLANG_WARN_CONSTANT_CONVERSION = YES;
				CLANG_WARN_DEPRECATED_OBJC_IMPLEMENTATIONS = YES;
				CLANG_WARN_DIRECT_OBJC_ISA_USAGE = YES_ERROR;
				CLANG_WARN_DOCUMENTATION_COMMENTS = YES;
				CLANG_WARN_EMPTY_BODY = YES;
				CLANG_WARN_ENUM_CONVERSION = YES;
				CLANG_WARN_INFINITE_RECURSION = YES;
				CLANG_WARN_INT_CONVERSION = YES;
				CLANG_WARN_NON_LITERAL_NULL_CONVERSION = YES;
				CLANG_WARN_OBJC_IMPLICIT_RETAIN_SELF = YES;
				CLANG_WARN_OBJC_LITERAL_CONVERSION = YES;
				CLANG_WARN_OBJC_ROOT_CLASS = YES_ERROR;
				CLANG_WARN_RANGE_LOOP_ANALYSIS = YES;
				CLANG_WARN_STRICT_PROTOTYPES = YES;
				CLANG_WARN_SUSPICIOUS_MOVE = YES;
				CLANG_WARN_UNGUARDED_AVAILABILITY = YES_AGGRESSIVE;
				CLANG_WARN_UNREACHABLE_CODE = YES;
				CLANG_WARN__DUPLICATE_METHOD_MATCH = YES;
				COPY_PHASE_STRIP = NO;
				DEBUG_INFORMATION_FORMAT = "dwarf-with-dsym";
				ENABLE_NS_ASSERTIONS = NO;
				ENABLE_STRICT_OBJC_MSGSEND = YES;
				GCC_C_LANGUAGE_STANDARD = gnu11;
				GCC_NO_COMMON_BLOCKS = YES;
				GCC_WARN_64_TO_32_BIT_CONVERSION = YES;
				GCC_WARN_ABOUT_RETURN_TYPE = YES_ERROR;
				GCC_WARN_UNDECLARED_SELECTOR = YES;
				GCC_WARN_UNINITIALIZED_AUTOS = YES_AGGRESSIVE;
				GCC_WARN_UNUSED_FUNCTION = YES;
				GCC_WARN_UNUSED_VARIABLE = YES;
				IPHONEOS_DEPLOYMENT_TARGET = 13.5;
				MTL_ENABLE_DEBUG_INFO = NO;
				MTL_FAST_MATH = YES;
				SDKROOT = iphoneos;
				SWIFT_COMPILATION_MODE = wholemodule;
				SWIFT_OPTIMIZATION_LEVEL = "-O";
				VALIDATE_PRODUCT = YES;
			};
			name = Release;
		};
		B3520B0024BE666C00717929 /* Debug */ = {
			isa = XCBuildConfiguration;
			buildSettings = {
				ASSETCATALOG_COMPILER_APPICON_NAME = AppIcon;
				CODE_SIGN_STYLE = Automatic;
				INFOPLIST_FILE = Project15.5/Info.plist;
				LD_RUNPATH_SEARCH_PATHS = (
					"$(inherited)",
					"@executable_path/Frameworks",
				);
				PRODUCT_BUNDLE_IDENTIFIER = "com.lee.Project15-5";
				PRODUCT_NAME = "$(TARGET_NAME)";
				SWIFT_VERSION = 5.0;
				TARGETED_DEVICE_FAMILY = "1,2";
			};
			name = Debug;
		};
		B3520B0124BE666C00717929 /* Release */ = {
			isa = XCBuildConfiguration;
			buildSettings = {
				ASSETCATALOG_COMPILER_APPICON_NAME = AppIcon;
				CODE_SIGN_STYLE = Automatic;
				INFOPLIST_FILE = Project15.5/Info.plist;
				LD_RUNPATH_SEARCH_PATHS = (
					"$(inherited)",
					"@executable_path/Frameworks",
				);
				PRODUCT_BUNDLE_IDENTIFIER = "com.lee.Project15-5";
				PRODUCT_NAME = "$(TARGET_NAME)";
				SWIFT_VERSION = 5.0;
				TARGETED_DEVICE_FAMILY = "1,2";
			};
			name = Release;
		};
/* End XCBuildConfiguration section */

/* Begin XCConfigurationList section */
		B3520AE624BE666A00717929 /* Build configuration list for PBXProject "Project15.5" */ = {
			isa = XCConfigurationList;
			buildConfigurations = (
				B3520AFD24BE666C00717929 /* Debug */,
				B3520AFE24BE666C00717929 /* Release */,
			);
			defaultConfigurationIsVisible = 0;
			defaultConfigurationName = Release;
		};
		B3520AFF24BE666C00717929 /* Build configuration list for PBXNativeTarget "Project15.5" */ = {
			isa = XCConfigurationList;
			buildConfigurations = (
				B3520B0024BE666C00717929 /* Debug */,
				B3520B0124BE666C00717929 /* Release */,
			);
			defaultConfigurationIsVisible = 0;
			defaultConfigurationName = Release;
		};
/* End XCConfigurationList section */
	};
	rootObject = B3520AE324BE666A00717929 /* Project object */;
}
